
Microsoft Visual Studio Solution File, Format Version 12.00
# Visual Studio Version 16
VisualStudioVersion = 16.0.30907.101
MinimumVisualStudioVersion = 10.0.40219.1
Project("{FAE04EC0-301F-11D3-BF4B-00C04F79EFBC}") = "RabbitMQ.Consumer", "RabbitMQ.Consumer.csproj", "{FA423EDF-76D9-43F0-A2E6-D154BCA44CEF}"
EndProject
Global
	GlobalSection(SolutionConfigurationPlatforms) = preSolution
		Debug|Any CPU = Debug|Any CPU
		Release|Any CPU = Release|Any CPU
	EndGlobalSection
	GlobalSection(ProjectConfigurationPlatforms) = postSolution
		{FA423EDF-76D9-43F0-A2E6-D154BCA44CEF}.Debug|Any CPU.ActiveCfg = Debug|Any CPU
		{FA423EDF-76D9-43F0-A2E6-D154BCA44CEF}.Debug|Any CPU.Build.0 = Debug|Any CPU
		{FA423EDF-76D9-43F0-A2E6-D154BCA44CEF}.Release|Any CPU.ActiveCfg = Release|Any CPU
		{FA423EDF-76D9-43F0-A2E6-D154BCA44CEF}.Release|Any CPU.Build.0 = Release|Any CPU
	EndGlobalSection
	GlobalSection(SolutionProperties) = preSolution
		HideSolutionNode = FALSE
	EndGlobalSection
	GlobalSection(ExtensibilityGlobals) = postSolution
		SolutionGuid = {5EEA8E2D-7AC9-4355-9305-089FB24BAEC0}
	EndGlobalSection
EndGlobal
